
Microsoft Visual Studio Solution File, Format Version 12.00
# Visual Studio Version 17
VisualStudioVersion = 17.3.32922.545
MinimumVisualStudioVersion = 10.0.40219.1
Project("{FAE04EC0-301F-11D3-BF4B-00C04F79EFBC}") = "PersonalFinanceApp", "PersonalFinanceApp.csproj", "{776E99AF-A721-4CFD-A407-AEA9E9EA7B7E}"
EndProject
Global
	GlobalSection(SolutionConfigurationPlatforms) = preSolution
		Debug|Any CPU = Debug|Any CPU
		Release|Any CPU = Release|Any CPU
	EndGlobalSection
	GlobalSection(ProjectConfigurationPlatforms) = postSolution
		{776E99AF-A721-4CFD-A407-AEA9E9EA7B7E}.Debug|Any CPU.ActiveCfg = Debug|Any CPU
		{776E99AF-A721-4CFD-A407-AEA9E9EA7B7E}.Debug|Any CPU.Build.0 = Debug|Any CPU
		{776E99AF-A721-4CFD-A407-AEA9E9EA7B7E}.Release|Any CPU.ActiveCfg = Release|Any CPU
		{776E99AF-A721-4CFD-A407-AEA9E9EA7B7E}.Release|Any CPU.Build.0 = Release|Any CPU
	EndGlobalSection
	GlobalSection(SolutionProperties) = preSolution
		HideSolutionNode = FALSE
	EndGlobalSection
	GlobalSection(ExtensibilityGlobals) = postSolution
		SolutionGuid = {3EB3B89C-80A9-4F37-A68B-FA649AAD87A9}
	EndGlobalSection
EndGlobal
